
Microsoft Visual Studio Solution File, Format Version 12.00
# Visual Studio Version 17
VisualStudioVersion = 17.13.35818.85 d17.13
MinimumVisualStudioVersion = 10.0.40219.1
Project("{FAE04EC0-301F-11D3-BF4B-00C04F79EFBC}") = "ElectronicLibrary", "ElectronicLibrary\ElectronicLibrary.csproj", "{678F067D-E263-4E42-BE35-14ADCD4D52C6}"
EndProject
Global
	GlobalSection(SolutionConfigurationPlatforms) = preSolution
		Debug|Any CPU = Debug|Any CPU
		Release|Any CPU = Release|Any CPU
	EndGlobalSection
	GlobalSection(ProjectConfigurationPlatforms) = postSolution
		{678F067D-E263-4E42-BE35-14ADCD4D52C6}.Debug|Any CPU.ActiveCfg = Debug|Any CPU
		{678F067D-E263-4E42-BE35-14ADCD4D52C6}.Debug|Any CPU.Build.0 = Debug|Any CPU
		{678F067D-E263-4E42-BE35-14ADCD4D52C6}.Release|Any CPU.ActiveCfg = Release|Any CPU
		{678F067D-E263-4E42-BE35-14ADCD4D52C6}.Release|Any CPU.Build.0 = Release|Any CPU
	EndGlobalSection
	GlobalSection(SolutionProperties) = preSolution
		HideSolutionNode = FALSE
	EndGlobalSection
	GlobalSection(ExtensibilityGlobals) = postSolution
		SolutionGuid = {2380330B-2FCF-4394-BC9F-B5BCD218126A}
	EndGlobalSection
EndGlobal
