
Microsoft Visual Studio Solution File, Format Version 12.00
# Visual Studio Version 17
VisualStudioVersion = 17.13.35919.96 d17.13
MinimumVisualStudioVersion = 10.0.40219.1
Project("{FAE04EC0-301F-11D3-BF4B-00C04F79EFBC}") = "GuestBookApp", "GuestBookApp\GuestBookApp.csproj", "{1DDE811A-02CB-4676-A53D-E2FB5A8CFBB9}"
EndProject
Global
	GlobalSection(SolutionConfigurationPlatforms) = preSolution
		Debug|Any CPU = Debug|Any CPU
		Release|Any CPU = Release|Any CPU
	EndGlobalSection
	GlobalSection(ProjectConfigurationPlatforms) = postSolution
		{1DDE811A-02CB-4676-A53D-E2FB5A8CFBB9}.Debug|Any CPU.ActiveCfg = Debug|Any CPU
		{1DDE811A-02CB-4676-A53D-E2FB5A8CFBB9}.Debug|Any CPU.Build.0 = Debug|Any CPU
		{1DDE811A-02CB-4676-A53D-E2FB5A8CFBB9}.Release|Any CPU.ActiveCfg = Release|Any CPU
		{1DDE811A-02CB-4676-A53D-E2FB5A8CFBB9}.Release|Any CPU.Build.0 = Release|Any CPU
	EndGlobalSection
	GlobalSection(SolutionProperties) = preSolution
		HideSolutionNode = FALSE
	EndGlobalSection
	GlobalSection(ExtensibilityGlobals) = postSolution
		SolutionGuid = {A5112D85-D5E6-4E98-B09F-616B5D25D50E}
	EndGlobalSection
EndGlobal
