
Microsoft Visual Studio Solution File, Format Version 12.00
# Visual Studio Version 17
VisualStudioVersion = 17.13.35818.85 d17.13
MinimumVisualStudioVersion = 10.0.40219.1
Project("{FAE04EC0-301F-11D3-BF4B-00C04F79EFBC}") = "task1", "task1\task1.csproj", "{048B6DFA-1111-47FF-A805-85988F81F162}"
EndProject
Project("{FAE04EC0-301F-11D3-BF4B-00C04F79EFBC}") = "task2", "task2\task2.csproj", "{4FB3308B-33BB-4CC6-8479-77531D7A2ABE}"
EndProject
Project("{FAE04EC0-301F-11D3-BF4B-00C04F79EFBC}") = "task3", "task3\task3.csproj", "{536575FC-6D76-41BD-9E6B-49BAA286BF8F}"
EndProject
Global
	GlobalSection(SolutionConfigurationPlatforms) = preSolution
		Debug|Any CPU = Debug|Any CPU
		Release|Any CPU = Release|Any CPU
	EndGlobalSection
	GlobalSection(ProjectConfigurationPlatforms) = postSolution
		{048B6DFA-1111-47FF-A805-85988F81F162}.Debug|Any CPU.ActiveCfg = Debug|Any CPU
		{048B6DFA-1111-47FF-A805-85988F81F162}.Debug|Any CPU.Build.0 = Debug|Any CPU
		{048B6DFA-1111-47FF-A805-85988F81F162}.Release|Any CPU.ActiveCfg = Release|Any CPU
		{048B6DFA-1111-47FF-A805-85988F81F162}.Release|Any CPU.Build.0 = Release|Any CPU
		{4FB3308B-33BB-4CC6-8479-77531D7A2ABE}.Debug|Any CPU.ActiveCfg = Debug|Any CPU
		{4FB3308B-33BB-4CC6-8479-77531D7A2ABE}.Debug|Any CPU.Build.0 = Debug|Any CPU
		{4FB3308B-33BB-4CC6-8479-77531D7A2ABE}.Release|Any CPU.ActiveCfg = Release|Any CPU
		{4FB3308B-33BB-4CC6-8479-77531D7A2ABE}.Release|Any CPU.Build.0 = Release|Any CPU
		{536575FC-6D76-41BD-9E6B-49BAA286BF8F}.Debug|Any CPU.ActiveCfg = Debug|Any CPU
		{536575FC-6D76-41BD-9E6B-49BAA286BF8F}.Debug|Any CPU.Build.0 = Debug|Any CPU
		{536575FC-6D76-41BD-9E6B-49BAA286BF8F}.Release|Any CPU.ActiveCfg = Release|Any CPU
		{536575FC-6D76-41BD-9E6B-49BAA286BF8F}.Release|Any CPU.Build.0 = Release|Any CPU
	EndGlobalSection
	GlobalSection(SolutionProperties) = preSolution
		HideSolutionNode = FALSE
	EndGlobalSection
	GlobalSection(ExtensibilityGlobals) = postSolution
		SolutionGuid = {3E11AA9F-206A-4F85-ACC3-64363BE449D5}
	EndGlobalSection
EndGlobal
