
Microsoft Visual Studio Solution File, Format Version 12.00
# Visual Studio Version 17
VisualStudioVersion = 17.13.35818.85 d17.13
MinimumVisualStudioVersion = 10.0.40219.1
Project("{FAE04EC0-301F-11D3-BF4B-00C04F79EFBC}") = "task1", "task1\task1.csproj", "{00C1C52E-17BF-40AE-9703-2D04253C56CA}"
EndProject
Project("{FAE04EC0-301F-11D3-BF4B-00C04F79EFBC}") = "task2", "task2\task2.csproj", "{7FBB4B64-88DD-40F3-A7E1-743F3460F691}"
EndProject
Project("{FAE04EC0-301F-11D3-BF4B-00C04F79EFBC}") = "task3", "task3\task3.csproj", "{E03025C7-90BD-4528-9568-5C02D6E2BD62}"
EndProject
Project("{FAE04EC0-301F-11D3-BF4B-00C04F79EFBC}") = "task4", "task4\task4.csproj", "{E04D18D9-3428-4992-AD1D-06DEE519EFF2}"
EndProject
Project("{2150E333-8FDC-42A3-9474-1A3956D46DE8}") = "Практические задания", "Практические задания", "{36D591C7-65C7-A0D1-1CBC-10CDE441BDC8}"
EndProject
Project("{2150E333-8FDC-42A3-9474-1A3956D46DE8}") = "Вводные занятия", "Вводные занятия", "{DE3537C9-5507-431B-B61A-701B0041C91E}"
EndProject
Project("{FAE04EC0-301F-11D3-BF4B-00C04F79EFBC}") = "№1", "№1\№1.csproj", "{953FDEB8-DF63-4175-A267-C6A17C50A84C}"
EndProject
Project("{FAE04EC0-301F-11D3-BF4B-00C04F79EFBC}") = "№2", "№2\№2.csproj", "{406652D7-3368-4D92-820D-8DA28E9F6465}"
EndProject
Project("{FAE04EC0-301F-11D3-BF4B-00C04F79EFBC}") = "№3", "№3\№3.csproj", "{65EB6DF1-11F2-47F2-989D-42E20BAF7B7E}"
EndProject
Global
	GlobalSection(SolutionConfigurationPlatforms) = preSolution
		Debug|Any CPU = Debug|Any CPU
		Release|Any CPU = Release|Any CPU
	EndGlobalSection
	GlobalSection(ProjectConfigurationPlatforms) = postSolution
		{00C1C52E-17BF-40AE-9703-2D04253C56CA}.Debug|Any CPU.ActiveCfg = Debug|Any CPU
		{00C1C52E-17BF-40AE-9703-2D04253C56CA}.Debug|Any CPU.Build.0 = Debug|Any CPU
		{00C1C52E-17BF-40AE-9703-2D04253C56CA}.Release|Any CPU.ActiveCfg = Release|Any CPU
		{00C1C52E-17BF-40AE-9703-2D04253C56CA}.Release|Any CPU.Build.0 = Release|Any CPU
		{7FBB4B64-88DD-40F3-A7E1-743F3460F691}.Debug|Any CPU.ActiveCfg = Debug|Any CPU
		{7FBB4B64-88DD-40F3-A7E1-743F3460F691}.Debug|Any CPU.Build.0 = Debug|Any CPU
		{7FBB4B64-88DD-40F3-A7E1-743F3460F691}.Release|Any CPU.ActiveCfg = Release|Any CPU
		{7FBB4B64-88DD-40F3-A7E1-743F3460F691}.Release|Any CPU.Build.0 = Release|Any CPU
		{E03025C7-90BD-4528-9568-5C02D6E2BD62}.Debug|Any CPU.ActiveCfg = Debug|Any CPU
		{E03025C7-90BD-4528-9568-5C02D6E2BD62}.Debug|Any CPU.Build.0 = Debug|Any CPU
		{E03025C7-90BD-4528-9568-5C02D6E2BD62}.Release|Any CPU.ActiveCfg = Release|Any CPU
		{E03025C7-90BD-4528-9568-5C02D6E2BD62}.Release|Any CPU.Build.0 = Release|Any CPU
		{E04D18D9-3428-4992-AD1D-06DEE519EFF2}.Debug|Any CPU.ActiveCfg = Debug|Any CPU
		{E04D18D9-3428-4992-AD1D-06DEE519EFF2}.Debug|Any CPU.Build.0 = Debug|Any CPU
		{E04D18D9-3428-4992-AD1D-06DEE519EFF2}.Release|Any CPU.ActiveCfg = Release|Any CPU
		{E04D18D9-3428-4992-AD1D-06DEE519EFF2}.Release|Any CPU.Build.0 = Release|Any CPU
		{953FDEB8-DF63-4175-A267-C6A17C50A84C}.Debug|Any CPU.ActiveCfg = Debug|Any CPU
		{953FDEB8-DF63-4175-A267-C6A17C50A84C}.Debug|Any CPU.Build.0 = Debug|Any CPU
		{953FDEB8-DF63-4175-A267-C6A17C50A84C}.Release|Any CPU.ActiveCfg = Release|Any CPU
		{953FDEB8-DF63-4175-A267-C6A17C50A84C}.Release|Any CPU.Build.0 = Release|Any CPU
		{406652D7-3368-4D92-820D-8DA28E9F6465}.Debug|Any CPU.ActiveCfg = Debug|Any CPU
		{406652D7-3368-4D92-820D-8DA28E9F6465}.Debug|Any CPU.Build.0 = Debug|Any CPU
		{406652D7-3368-4D92-820D-8DA28E9F6465}.Release|Any CPU.ActiveCfg = Release|Any CPU
		{406652D7-3368-4D92-820D-8DA28E9F6465}.Release|Any CPU.Build.0 = Release|Any CPU
		{65EB6DF1-11F2-47F2-989D-42E20BAF7B7E}.Debug|Any CPU.ActiveCfg = Debug|Any CPU
		{65EB6DF1-11F2-47F2-989D-42E20BAF7B7E}.Debug|Any CPU.Build.0 = Debug|Any CPU
		{65EB6DF1-11F2-47F2-989D-42E20BAF7B7E}.Release|Any CPU.ActiveCfg = Release|Any CPU
		{65EB6DF1-11F2-47F2-989D-42E20BAF7B7E}.Release|Any CPU.Build.0 = Release|Any CPU
	EndGlobalSection
	GlobalSection(SolutionProperties) = preSolution
		HideSolutionNode = FALSE
	EndGlobalSection
	GlobalSection(NestedProjects) = preSolution
		{00C1C52E-17BF-40AE-9703-2D04253C56CA} = {36D591C7-65C7-A0D1-1CBC-10CDE441BDC8}
		{7FBB4B64-88DD-40F3-A7E1-743F3460F691} = {36D591C7-65C7-A0D1-1CBC-10CDE441BDC8}
		{E03025C7-90BD-4528-9568-5C02D6E2BD62} = {36D591C7-65C7-A0D1-1CBC-10CDE441BDC8}
		{E04D18D9-3428-4992-AD1D-06DEE519EFF2} = {36D591C7-65C7-A0D1-1CBC-10CDE441BDC8}
		{953FDEB8-DF63-4175-A267-C6A17C50A84C} = {DE3537C9-5507-431B-B61A-701B0041C91E}
		{406652D7-3368-4D92-820D-8DA28E9F6465} = {DE3537C9-5507-431B-B61A-701B0041C91E}
		{65EB6DF1-11F2-47F2-989D-42E20BAF7B7E} = {DE3537C9-5507-431B-B61A-701B0041C91E}
	EndGlobalSection
	GlobalSection(ExtensibilityGlobals) = postSolution
		SolutionGuid = {C53AE06E-46D0-478B-A558-54B5381D4745}
	EndGlobalSection
EndGlobal
