
Microsoft Visual Studio Solution File, Format Version 12.00
# Visual Studio Version 17
VisualStudioVersion = 17.13.35818.85
MinimumVisualStudioVersion = 10.0.40219.1
Project("{FAE04EC0-301F-11D3-BF4B-00C04F79EFBC}") = "LibraryApp", "ElectronicLibrary\LibraryApp.csproj", "{A1724D38-BDC8-4180-A7EA-33B140757C96}"
EndProject
Global
	GlobalSection(SolutionConfigurationPlatforms) = preSolution
		Debug|Any CPU = Debug|Any CPU
		Release|Any CPU = Release|Any CPU
	EndGlobalSection
	GlobalSection(ProjectConfigurationPlatforms) = postSolution
		{A1724D38-BDC8-4180-A7EA-33B140757C96}.Debug|Any CPU.ActiveCfg = Debug|Any CPU
		{A1724D38-BDC8-4180-A7EA-33B140757C96}.Debug|Any CPU.Build.0 = Debug|Any CPU
		{A1724D38-BDC8-4180-A7EA-33B140757C96}.Release|Any CPU.ActiveCfg = Release|Any CPU
		{A1724D38-BDC8-4180-A7EA-33B140757C96}.Release|Any CPU.Build.0 = Release|Any CPU
	EndGlobalSection
	GlobalSection(SolutionProperties) = preSolution
		HideSolutionNode = FALSE
	EndGlobalSection
	GlobalSection(ExtensibilityGlobals) = postSolution
		SolutionGuid = {41B7B169-13C1-42F8-9BF0-FEF880D8C140}
	EndGlobalSection
EndGlobal
